# This file was autogenerated by Stack.
# You should not edit this file by hand.
# For more information, please see the documentation at:
#   https://docs.haskellstack.org/en/stable/topics/lock_files

packages: []
snapshots:
- completed:
    sha256: d8dc721b84e82edf05bbcccfb474fb206e848743d75e2a3aef7219cbdd0e767b
    size: 611659
    url: https://raw.githubusercontent.com/commercialhaskell/stackage-snapshots/master/nightly/2024/12/15.yaml
  original: nightly-2024-12-15
